
Microsoft Visual Studio Solution File, Format Version 12.00
# Visual Studio 15
VisualStudioVersion = 15.0.28307.572
MinimumVisualStudioVersion = 10.0.40219.1
Project("{FAE04EC0-301F-11D3-BF4B-00C04F79EFBC}") = "Exam2", "Exam2\Exam2.csproj", "{755C84EC-ECA6-43ED-AB87-35C1AC1018FF}"
EndProject
Global
	GlobalSection(SolutionConfigurationPlatforms) = preSolution
		Debug|Any CPU = Debug|Any CPU
		Release|Any CPU = Release|Any CPU
	EndGlobalSection
	GlobalSection(ProjectConfigurationPlatforms) = postSolution
		{755C84EC-ECA6-43ED-AB87-35C1AC1018FF}.Debug|Any CPU.ActiveCfg = Debug|Any CPU
		{755C84EC-ECA6-43ED-AB87-35C1AC1018FF}.Debug|Any CPU.Build.0 = Debug|Any CPU
		{755C84EC-ECA6-43ED-AB87-35C1AC1018FF}.Release|Any CPU.ActiveCfg = Release|Any CPU
		{755C84EC-ECA6-43ED-AB87-35C1AC1018FF}.Release|Any CPU.Build.0 = Release|Any CPU
	EndGlobalSection
	GlobalSection(SolutionProperties) = preSolution
		HideSolutionNode = FALSE
	EndGlobalSection
	GlobalSection(ExtensibilityGlobals) = postSolution
		SolutionGuid = {70A36F87-1AD5-4BE8-B475-290390BA5BB1}
	EndGlobalSection
EndGlobal
