
Microsoft Visual Studio Solution File, Format Version 12.00
# Visual Studio 15
VisualStudioVersion = 15.0.28010.2019
MinimumVisualStudioVersion = 10.0.40219.1
Project("{FAE04EC0-301F-11D3-BF4B-00C04F79EFBC}") = "A6", "A6\A6.csproj", "{A779E965-450D-40E0-8374-C695A6C94DFE}"
EndProject
Project("{FAE04EC0-301F-11D3-BF4B-00C04F79EFBC}") = "A6Tests", "A6Tests\A6Tests.csproj", "{9C1B3BC7-D253-4E94-A072-7000A63493F0}"
EndProject
Project("{FAE04EC0-301F-11D3-BF4B-00C04F79EFBC}") = "TestCommon", "..\Common\TestCommon\TestCommon.csproj", "{C39FF0C4-6960-42AD-8E2C-D2CAFE850A52}"
EndProject
Global
	GlobalSection(SolutionConfigurationPlatforms) = preSolution
		Debug|Any CPU = Debug|Any CPU
		Release|Any CPU = Release|Any CPU
	EndGlobalSection
	GlobalSection(ProjectConfigurationPlatforms) = postSolution
		{A779E965-450D-40E0-8374-C695A6C94DFE}.Debug|Any CPU.ActiveCfg = Debug|Any CPU
		{A779E965-450D-40E0-8374-C695A6C94DFE}.Debug|Any CPU.Build.0 = Debug|Any CPU
		{A779E965-450D-40E0-8374-C695A6C94DFE}.Release|Any CPU.ActiveCfg = Release|Any CPU
		{A779E965-450D-40E0-8374-C695A6C94DFE}.Release|Any CPU.Build.0 = Release|Any CPU
		{9C1B3BC7-D253-4E94-A072-7000A63493F0}.Debug|Any CPU.ActiveCfg = Debug|Any CPU
		{9C1B3BC7-D253-4E94-A072-7000A63493F0}.Debug|Any CPU.Build.0 = Debug|Any CPU
		{9C1B3BC7-D253-4E94-A072-7000A63493F0}.Release|Any CPU.ActiveCfg = Release|Any CPU
		{9C1B3BC7-D253-4E94-A072-7000A63493F0}.Release|Any CPU.Build.0 = Release|Any CPU
		{C39FF0C4-6960-42AD-8E2C-D2CAFE850A52}.Debug|Any CPU.ActiveCfg = Debug|Any CPU
		{C39FF0C4-6960-42AD-8E2C-D2CAFE850A52}.Debug|Any CPU.Build.0 = Debug|Any CPU
		{C39FF0C4-6960-42AD-8E2C-D2CAFE850A52}.Release|Any CPU.ActiveCfg = Release|Any CPU
		{C39FF0C4-6960-42AD-8E2C-D2CAFE850A52}.Release|Any CPU.Build.0 = Release|Any CPU
	EndGlobalSection
	GlobalSection(SolutionProperties) = preSolution
		HideSolutionNode = FALSE
	EndGlobalSection
	GlobalSection(ExtensibilityGlobals) = postSolution
		SolutionGuid = {3581ED7C-7C2D-4855-BFD3-37AFBF1FDAFD}
	EndGlobalSection
EndGlobal
